// !$*UTF8*$!
{
	archiveVersion = 1;
	classes = {
	};
	objectVersion = 46;
	objects = {

/* Begin PBXBuildFile section */
		56F856A21D342952007E6FF0 /* caryll-font.c in Sources */ = {isa = PBXBuildFile; fileRef = 56F856201D34292A007E6FF0 /* caryll-font.c */; };
		56F856A31D342952007E6FF0 /* caryll-sfnt-builder.c in Sources */ = {isa = PBXBuildFile; fileRef = 56F856221D34292A007E6FF0 /* caryll-sfnt-builder.c */; };
		56F856A41D342952007E6FF0 /* caryll-sfnt.c in Sources */ = {isa = PBXBuildFile; fileRef = 56F856241D34292A007E6FF0 /* caryll-sfnt.c */; };
		56F856A51D342958007E6FF0 /* consolidate.c in Sources */ = {isa = PBXBuildFile; fileRef = 56F856271D342937007E6FF0 /* consolidate.c */; };
		56F856A61D342958007E6FF0 /* stat.c in Sources */ = {isa = PBXBuildFile; fileRef = 56F856411D342937007E6FF0 /* stat.c */; };
		56F856A71D342958007E6FF0 /* unconsolidate.c in Sources */ = {isa = PBXBuildFile; fileRef = 56F856431D342937007E6FF0 /* unconsolidate.c */; };
		56F856A81D34295F007E6FF0 /* aglfn.c in Sources */ = {isa = PBXBuildFile; fileRef = 56F856461D342942007E6FF0 /* aglfn.c */; };
		56F856A91D34295F007E6FF0 /* base64.c in Sources */ = {isa = PBXBuildFile; fileRef = 56F856481D342942007E6FF0 /* base64.c */; };
		56F856AA1D34295F007E6FF0 /* buffer.c in Sources */ = {isa = PBXBuildFile; fileRef = 56F8564A1D342942007E6FF0 /* buffer.c */; };
		56F856AB1D34295F007E6FF0 /* glyphorder.c in Sources */ = {isa = PBXBuildFile; fileRef = 56F8564C1D342942007E6FF0 /* glyphorder.c */; };
		56F856AC1D34295F007E6FF0 /* ttinstr.c in Sources */ = {isa = PBXBuildFile; fileRef = 56F8564E1D342942007E6FF0 /* ttinstr.c */; };
		56F856AD1D34295F007E6FF0 /* unicodeconv.c in Sources */ = {isa = PBXBuildFile; fileRef = 56F856501D342942007E6FF0 /* unicodeconv.c */; };
		56F856AE1D342979007E6FF0 /* CFF.c in Sources */ = {isa = PBXBuildFile; fileRef = 56F8565B1D34294C007E6FF0 /* CFF.c */; };
		56F856AF1D342979007E6FF0 /* cmap.c in Sources */ = {isa = PBXBuildFile; fileRef = 56F8565D1D34294C007E6FF0 /* cmap.c */; };
		56F856B01D342979007E6FF0 /* cvt.c in Sources */ = {isa = PBXBuildFile; fileRef = 56F8565F1D34294C007E6FF0 /* cvt.c */; };
		56F856B11D342979007E6FF0 /* fpgm-prep.c in Sources */ = {isa = PBXBuildFile; fileRef = 56F856611D34294C007E6FF0 /* fpgm-prep.c */; };
		56F856B21D342979007E6FF0 /* gasp.c in Sources */ = {isa = PBXBuildFile; fileRef = 56F856631D34294C007E6FF0 /* gasp.c */; };
		56F856B31D342979007E6FF0 /* glyf.c in Sources */ = {isa = PBXBuildFile; fileRef = 56F856651D34294C007E6FF0 /* glyf.c */; };
		56F856B41D342979007E6FF0 /* hdmx.c in Sources */ = {isa = PBXBuildFile; fileRef = 56F856671D34294C007E6FF0 /* hdmx.c */; };
		56F856B51D342979007E6FF0 /* head.c in Sources */ = {isa = PBXBuildFile; fileRef = 56F856691D34294C007E6FF0 /* head.c */; };
		56F856B61D342979007E6FF0 /* hhea.c in Sources */ = {isa = PBXBuildFile; fileRef = 56F8566B1D34294C007E6FF0 /* hhea.c */; };
		56F856B71D342979007E6FF0 /* hmtx.c in Sources */ = {isa = PBXBuildFile; fileRef = 56F8566D1D34294C007E6FF0 /* hmtx.c */; };
		56F856B81D342979007E6FF0 /* LTSH.c in Sources */ = {isa = PBXBuildFile; fileRef = 56F8566F1D34294C007E6FF0 /* LTSH.c */; };
		56F856B91D342979007E6FF0 /* maxp.c in Sources */ = {isa = PBXBuildFile; fileRef = 56F856711D34294C007E6FF0 /* maxp.c */; };
		56F856BA1D342983007E6FF0 /* name.c in Sources */ = {isa = PBXBuildFile; fileRef = 56F856731D34294C007E6FF0 /* name.c */; };
		56F856BB1D342983007E6FF0 /* OS_2.c in Sources */ = {isa = PBXBuildFile; fileRef = 56F856751D34294C007E6FF0 /* OS_2.c */; };
		56F856BC1D342983007E6FF0 /* PCLT.c in Sources */ = {isa = PBXBuildFile; fileRef = 56F856981D34294C007E6FF0 /* PCLT.c */; };
		56F856BD1D342983007E6FF0 /* post.c in Sources */ = {isa = PBXBuildFile; fileRef = 56F8569A1D34294C007E6FF0 /* post.c */; };
		56F856BE1D342983007E6FF0 /* vhea.c in Sources */ = {isa = PBXBuildFile; fileRef = 56F8569C1D34294C007E6FF0 /* vhea.c */; };
		56F856BF1D342983007E6FF0 /* vmtx.c in Sources */ = {isa = PBXBuildFile; fileRef = 56F8569E1D34294C007E6FF0 /* vmtx.c */; };
		56F856C01D342983007E6FF0 /* VORG.c in Sources */ = {isa = PBXBuildFile; fileRef = 56F856A01D34294C007E6FF0 /* VORG.c */; };
		56F856C91D3429BD007E6FF0 /* vmtx.c in Sources */ = {isa = PBXBuildFile; fileRef = 56F8569E1D34294C007E6FF0 /* vmtx.c */; };
		56F856CA1D3429BD007E6FF0 /* OS_2.c in Sources */ = {isa = PBXBuildFile; fileRef = 56F856751D34294C007E6FF0 /* OS_2.c */; };
		56F856CB1D3429BD007E6FF0 /* unconsolidate.c in Sources */ = {isa = PBXBuildFile; fileRef = 56F856431D342937007E6FF0 /* unconsolidate.c */; };
		56F856CC1D3429BD007E6FF0 /* stat.c in Sources */ = {isa = PBXBuildFile; fileRef = 56F856411D342937007E6FF0 /* stat.c */; };
		56F856CD1D3429BD007E6FF0 /* caryll-sfnt.c in Sources */ = {isa = PBXBuildFile; fileRef = 56F856241D34292A007E6FF0 /* caryll-sfnt.c */; };
		56F856CE1D3429BD007E6FF0 /* CFF.c in Sources */ = {isa = PBXBuildFile; fileRef = 56F8565B1D34294C007E6FF0 /* CFF.c */; };
		56F856CF1D3429BD007E6FF0 /* hmtx.c in Sources */ = {isa = PBXBuildFile; fileRef = 56F8566D1D34294C007E6FF0 /* hmtx.c */; };
		56F856D01D3429BD007E6FF0 /* unicodeconv.c in Sources */ = {isa = PBXBuildFile; fileRef = 56F856501D342942007E6FF0 /* unicodeconv.c */; };
		56F856D11D3429BD007E6FF0 /* head.c in Sources */ = {isa = PBXBuildFile; fileRef = 56F856691D34294C007E6FF0 /* head.c */; };
		56F856D21D3429BD007E6FF0 /* glyphorder.c in Sources */ = {isa = PBXBuildFile; fileRef = 56F8564C1D342942007E6FF0 /* glyphorder.c */; };
		56F856D31D3429BD007E6FF0 /* ttinstr.c in Sources */ = {isa = PBXBuildFile; fileRef = 56F8564E1D342942007E6FF0 /* ttinstr.c */; };
		56F856D41D3429BD007E6FF0 /* vhea.c in Sources */ = {isa = PBXBuildFile; fileRef = 56F8569C1D34294C007E6FF0 /* vhea.c */; };
		56F856D51D3429BD007E6FF0 /* aglfn.c in Sources */ = {isa = PBXBuildFile; fileRef = 56F856461D342942007E6FF0 /* aglfn.c */; };
		56F856D61D3429BD007E6FF0 /* name.c in Sources */ = {isa = PBXBuildFile; fileRef = 56F856731D34294C007E6FF0 /* name.c */; };
		56F856D71D3429BD007E6FF0 /* LTSH.c in Sources */ = {isa = PBXBuildFile; fileRef = 56F8566F1D34294C007E6FF0 /* LTSH.c */; };
		56F856D81D3429BD007E6FF0 /* buffer.c in Sources */ = {isa = PBXBuildFile; fileRef = 56F8564A1D342942007E6FF0 /* buffer.c */; };
		56F856D91D3429BD007E6FF0 /* cvt.c in Sources */ = {isa = PBXBuildFile; fileRef = 56F8565F1D34294C007E6FF0 /* cvt.c */; };
		56F856DA1D3429BD007E6FF0 /* fpgm-prep.c in Sources */ = {isa = PBXBuildFile; fileRef = 56F856611D34294C007E6FF0 /* fpgm-prep.c */; };
		56F856DB1D3429BD007E6FF0 /* caryll-font.c in Sources */ = {isa = PBXBuildFile; fileRef = 56F856201D34292A007E6FF0 /* caryll-font.c */; };
		56F856DC1D3429BD007E6FF0 /* post.c in Sources */ = {isa = PBXBuildFile; fileRef = 56F8569A1D34294C007E6FF0 /* post.c */; };
		56F856DD1D3429BD007E6FF0 /* VORG.c in Sources */ = {isa = PBXBuildFile; fileRef = 56F856A01D34294C007E6FF0 /* VORG.c */; };
		56F856DE1D3429BD007E6FF0 /* caryll-sfnt-builder.c in Sources */ = {isa = PBXBuildFile; fileRef = 56F856221D34292A007E6FF0 /* caryll-sfnt-builder.c */; };
		56F856DF1D3429BD007E6FF0 /* PCLT.c in Sources */ = {isa = PBXBuildFile; fileRef = 56F856981D34294C007E6FF0 /* PCLT.c */; };
		56F856E01D3429BD007E6FF0 /* base64.c in Sources */ = {isa = PBXBuildFile; fileRef = 56F856481D342942007E6FF0 /* base64.c */; };
		56F856E11D3429BD007E6FF0 /* hdmx.c in Sources */ = {isa = PBXBuildFile; fileRef = 56F856671D34294C007E6FF0 /* hdmx.c */; };
		56F856E21D3429BD007E6FF0 /* gasp.c in Sources */ = {isa = PBXBuildFile; fileRef = 56F856631D34294C007E6FF0 /* gasp.c */; };
		56F856E31D3429BD007E6FF0 /* glyf.c in Sources */ = {isa = PBXBuildFile; fileRef = 56F856651D34294C007E6FF0 /* glyf.c */; };
		56F856E41D3429BD007E6FF0 /* cmap.c in Sources */ = {isa = PBXBuildFile; fileRef = 56F8565D1D34294C007E6FF0 /* cmap.c */; };
		56F856E51D3429BD007E6FF0 /* maxp.c in Sources */ = {isa = PBXBuildFile; fileRef = 56F856711D34294C007E6FF0 /* maxp.c */; };
		56F856E61D3429BD007E6FF0 /* consolidate.c in Sources */ = {isa = PBXBuildFile; fileRef = 56F856271D342937007E6FF0 /* consolidate.c */; };
		56F856E71D3429BD007E6FF0 /* hhea.c in Sources */ = {isa = PBXBuildFile; fileRef = 56F8566B1D34294C007E6FF0 /* hhea.c */; };
		56F856EE1D3429DB007E6FF0 /* otfccbuild.c in Sources */ = {isa = PBXBuildFile; fileRef = 56F856C21D3429A4007E6FF0 /* otfccbuild.c */; };
		56F856EF1D3429DE007E6FF0 /* otfccdump.c in Sources */ = {isa = PBXBuildFile; fileRef = 56F856C31D3429A4007E6FF0 /* otfccdump.c */; };
		56F856F01D3429E0007E6FF0 /* stopwatch.c in Sources */ = {isa = PBXBuildFile; fileRef = 56F856C51D3429A4007E6FF0 /* stopwatch.c */; };
		56F856F11D3429E1007E6FF0 /* stopwatch.c in Sources */ = {isa = PBXBuildFile; fileRef = 56F856C51D3429A4007E6FF0 /* stopwatch.c */; };
		56F8571B1D342B55007E6FF0 /* emyg-dtoa.c in Sources */ = {isa = PBXBuildFile; fileRef = 56F857111D342B55007E6FF0 /* emyg-dtoa.c */; };
		56F8571C1D342B55007E6FF0 /* emyg-dtoa.c in Sources */ = {isa = PBXBuildFile; fileRef = 56F857111D342B55007E6FF0 /* emyg-dtoa.c */; };
		56F8571D1D342B55007E6FF0 /* json-builder.c in Sources */ = {isa = PBXBuildFile; fileRef = 56F857131D342B55007E6FF0 /* json-builder.c */; };
		56F8571E1D342B55007E6FF0 /* json-builder.c in Sources */ = {isa = PBXBuildFile; fileRef = 56F857131D342B55007E6FF0 /* json-builder.c */; };
		56F8571F1D342B55007E6FF0 /* json.c in Sources */ = {isa = PBXBuildFile; fileRef = 56F857151D342B55007E6FF0 /* json.c */; };
		56F857201D342B55007E6FF0 /* json.c in Sources */ = {isa = PBXBuildFile; fileRef = 56F857151D342B55007E6FF0 /* json.c */; };
		56F857211D342B55007E6FF0 /* sds.c in Sources */ = {isa = PBXBuildFile; fileRef = 56F857171D342B55007E6FF0 /* sds.c */; };
		56F857221D342B55007E6FF0 /* sds.c in Sources */ = {isa = PBXBuildFile; fileRef = 56F857171D342B55007E6FF0 /* sds.c */; };
		56F857271D342D93007E6FF0 /* cff_parser.c in Sources */ = {isa = PBXBuildFile; fileRef = 56F856581D34294C007E6FF0 /* cff_parser.c */; };
		56F857281D342D94007E6FF0 /* cff_parser.c in Sources */ = {isa = PBXBuildFile; fileRef = 56F856581D34294C007E6FF0 /* cff_parser.c */; };
		56F857291D342DAA007E6FF0 /* cff_writer.c in Sources */ = {isa = PBXBuildFile; fileRef = 56F8565A1D34294C007E6FF0 /* cff_writer.c */; };
		56F8572A1D342DAC007E6FF0 /* cff_writer.c in Sources */ = {isa = PBXBuildFile; fileRef = 56F8565A1D34294C007E6FF0 /* cff_writer.c */; };
		56F8572B1D342DF6007E6FF0 /* chaining.c in Sources */ = {isa = PBXBuildFile; fileRef = 56F856781D34294C007E6FF0 /* chaining.c */; };
		56F8572C1D342DF6007E6FF0 /* classdef.c in Sources */ = {isa = PBXBuildFile; fileRef = 56F8567A1D34294C007E6FF0 /* classdef.c */; };
		56F8572D1D342DF6007E6FF0 /* coverage.c in Sources */ = {isa = PBXBuildFile; fileRef = 56F8567C1D34294C007E6FF0 /* coverage.c */; };
		56F8572E1D342DF6007E6FF0 /* extend.c in Sources */ = {isa = PBXBuildFile; fileRef = 56F8567E1D34294C007E6FF0 /* extend.c */; };
		56F8572F1D342DF6007E6FF0 /* GDEF.c in Sources */ = {isa = PBXBuildFile; fileRef = 56F856801D34294C007E6FF0 /* GDEF.c */; };
		56F857301D342DF6007E6FF0 /* gpos-common.c in Sources */ = {isa = PBXBuildFile; fileRef = 56F856821D34294C007E6FF0 /* gpos-common.c */; };
		56F857311D342DF6007E6FF0 /* gpos-cursive.c in Sources */ = {isa = PBXBuildFile; fileRef = 56F856841D34294C007E6FF0 /* gpos-cursive.c */; };
		56F857321D342DF6007E6FF0 /* gpos-mark-to-ligature.c in Sources */ = {isa = PBXBuildFile; fileRef = 56F856861D34294C007E6FF0 /* gpos-mark-to-ligature.c */; };
		56F857331D342DF6007E6FF0 /* gpos-mark-to-single.c in Sources */ = {isa = PBXBuildFile; fileRef = 56F856881D34294C007E6FF0 /* gpos-mark-to-single.c */; };
		56F857341D342DF6007E6FF0 /* gpos-pair.c in Sources */ = {isa = PBXBuildFile; fileRef = 56F8568A1D34294C007E6FF0 /* gpos-pair.c */; };
		56F857351D342DF6007E6FF0 /* gpos-single.c in Sources */ = {isa = PBXBuildFile; fileRef = 56F8568C1D34294C007E6FF0 /* gpos-single.c */; };
		56F857361D342DF6007E6FF0 /* gsub-ligature.c in Sources */ = {isa = PBXBuildFile; fileRef = 56F8568E1D34294C007E6FF0 /* gsub-ligature.c */; };
		56F857371D342DF6007E6FF0 /* gsub-multi.c in Sources */ = {isa = PBXBuildFile; fileRef = 56F856901D34294C007E6FF0 /* gsub-multi.c */; };
		56F857381D342DF6007E6FF0 /* gsub-reverse.c in Sources */ = {isa = PBXBuildFile; fileRef = 56F856921D34294C007E6FF0 /* gsub-reverse.c */; };
		56F857391D342DF6007E6FF0 /* gsub-single.c in Sources */ = {isa = PBXBuildFile; fileRef = 56F856941D34294C007E6FF0 /* gsub-single.c */; };
		56F8573A1D342DF6007E6FF0 /* otl.c in Sources */ = {isa = PBXBuildFile; fileRef = 56F856961D34294C007E6FF0 /* otl.c */; };
		56F8573B1D342DF6007E6FF0 /* chaining.c in Sources */ = {isa = PBXBuildFile; fileRef = 56F856781D34294C007E6FF0 /* chaining.c */; };
		56F8573C1D342DF6007E6FF0 /* classdef.c in Sources */ = {isa = PBXBuildFile; fileRef = 56F8567A1D34294C007E6FF0 /* classdef.c */; };
		56F8573D1D342DF6007E6FF0 /* coverage.c in Sources */ = {isa = PBXBuildFile; fileRef = 56F8567C1D34294C007E6FF0 /* coverage.c */; };
		56F8573E1D342DF6007E6FF0 /* extend.c in Sources */ = {isa = PBXBuildFile; fileRef = 56F8567E1D34294C007E6FF0 /* extend.c */; };
		56F8573F1D342DF6007E6FF0 /* GDEF.c in Sources */ = {isa = PBXBuildFile; fileRef = 56F856801D34294C007E6FF0 /* GDEF.c */; };
		56F857401D342DF6007E6FF0 /* gpos-common.c in Sources */ = {isa = PBXBuildFile; fileRef = 56F856821D34294C007E6FF0 /* gpos-common.c */; };
		56F857411D342DF6007E6FF0 /* gpos-cursive.c in Sources */ = {isa = PBXBuildFile; fileRef = 56F856841D34294C007E6FF0 /* gpos-cursive.c */; };
		56F857421D342DF6007E6FF0 /* gpos-mark-to-ligature.c in Sources */ = {isa = PBXBuildFile; fileRef = 56F856861D34294C007E6FF0 /* gpos-mark-to-ligature.c */; };
		56F857431D342DF6007E6FF0 /* gpos-mark-to-single.c in Sources */ = {isa = PBXBuildFile; fileRef = 56F856881D34294C007E6FF0 /* gpos-mark-to-single.c */; };
		56F857441D342DF6007E6FF0 /* gpos-pair.c in Sources */ = {isa = PBXBuildFile; fileRef = 56F8568A1D34294C007E6FF0 /* gpos-pair.c */; };
		56F857451D342DF6007E6FF0 /* gpos-single.c in Sources */ = {isa = PBXBuildFile; fileRef = 56F8568C1D34294C007E6FF0 /* gpos-single.c */; };
		56F857461D342DF6007E6FF0 /* gsub-ligature.c in Sources */ = {isa = PBXBuildFile; fileRef = 56F8568E1D34294C007E6FF0 /* gsub-ligature.c */; };
		56F857471D342DF6007E6FF0 /* gsub-multi.c in Sources */ = {isa = PBXBuildFile; fileRef = 56F856901D34294C007E6FF0 /* gsub-multi.c */; };
		56F857481D342DF6007E6FF0 /* gsub-reverse.c in Sources */ = {isa = PBXBuildFile; fileRef = 56F856921D34294C007E6FF0 /* gsub-reverse.c */; };
		56F857491D342DF6007E6FF0 /* gsub-single.c in Sources */ = {isa = PBXBuildFile; fileRef = 56F856941D34294C007E6FF0 /* gsub-single.c */; };
		56F8574A1D342DF6007E6FF0 /* otl.c in Sources */ = {isa = PBXBuildFile; fileRef = 56F856961D34294C007E6FF0 /* otl.c */; };
		56F8574B1D342E09007E6FF0 /* chaining.c in Sources */ = {isa = PBXBuildFile; fileRef = 56F8562B1D342937007E6FF0 /* chaining.c */; };
		56F8574C1D342E09007E6FF0 /* chaining.c in Sources */ = {isa = PBXBuildFile; fileRef = 56F8562B1D342937007E6FF0 /* chaining.c */; };
		56F8574D1D342E1E007E6FF0 /* GDEF.c in Sources */ = {isa = PBXBuildFile; fileRef = 56F8562F1D342937007E6FF0 /* GDEF.c */; };
		56F8574E1D342E1F007E6FF0 /* GDEF.c in Sources */ = {isa = PBXBuildFile; fileRef = 56F8562F1D342937007E6FF0 /* GDEF.c */; };
		56F8574F1D342E2E007E6FF0 /* common.c in Sources */ = {isa = PBXBuildFile; fileRef = 56F8562D1D342937007E6FF0 /* common.c */; };
		56F857501D342E2E007E6FF0 /* gpos-cursive.c in Sources */ = {isa = PBXBuildFile; fileRef = 56F856311D342937007E6FF0 /* gpos-cursive.c */; };
		56F857511D342E2E007E6FF0 /* common.c in Sources */ = {isa = PBXBuildFile; fileRef = 56F8562D1D342937007E6FF0 /* common.c */; };
		56F857521D342E2E007E6FF0 /* gpos-cursive.c in Sources */ = {isa = PBXBuildFile; fileRef = 56F856311D342937007E6FF0 /* gpos-cursive.c */; };
		56F857531D342E39007E6FF0 /* gpos-pair.c in Sources */ = {isa = PBXBuildFile; fileRef = 56F856331D342937007E6FF0 /* gpos-pair.c */; };
		56F857541D342E39007E6FF0 /* gpos-single.c in Sources */ = {isa = PBXBuildFile; fileRef = 56F856351D342937007E6FF0 /* gpos-single.c */; };
		56F857551D342E39007E6FF0 /* gsub-ligature.c in Sources */ = {isa = PBXBuildFile; fileRef = 56F856371D342937007E6FF0 /* gsub-ligature.c */; };
		56F857561D342E39007E6FF0 /* gsub-multi.c in Sources */ = {isa = PBXBuildFile; fileRef = 56F856391D342937007E6FF0 /* gsub-multi.c */; };
		56F857571D342E39007E6FF0 /* gsub-reverse.c in Sources */ = {isa = PBXBuildFile; fileRef = 56F8563B1D342937007E6FF0 /* gsub-reverse.c */; };
		56F857581D342E39007E6FF0 /* gsub-single.c in Sources */ = {isa = PBXBuildFile; fileRef = 56F8563D1D342937007E6FF0 /* gsub-single.c */; };
		56F857591D342E39007E6FF0 /* mark.c in Sources */ = {isa = PBXBuildFile; fileRef = 56F8563F1D342937007E6FF0 /* mark.c */; };
		56F8575A1D342E3A007E6FF0 /* gpos-pair.c in Sources */ = {isa = PBXBuildFile; fileRef = 56F856331D342937007E6FF0 /* gpos-pair.c */; };
		56F8575B1D342E3A007E6FF0 /* gpos-single.c in Sources */ = {isa = PBXBuildFile; fileRef = 56F856351D342937007E6FF0 /* gpos-single.c */; };
		56F8575C1D342E3A007E6FF0 /* gsub-ligature.c in Sources */ = {isa = PBXBuildFile; fileRef = 56F856371D342937007E6FF0 /* gsub-ligature.c */; };
		56F8575D1D342E3A007E6FF0 /* gsub-multi.c in Sources */ = {isa = PBXBuildFile; fileRef = 56F856391D342937007E6FF0 /* gsub-multi.c */; };
		56F8575E1D342E3A007E6FF0 /* gsub-reverse.c in Sources */ = {isa = PBXBuildFile; fileRef = 56F8563B1D342937007E6FF0 /* gsub-reverse.c */; };
		56F8575F1D342E3A007E6FF0 /* gsub-single.c in Sources */ = {isa = PBXBuildFile; fileRef = 56F8563D1D342937007E6FF0 /* gsub-single.c */; };
		56F857601D342E3A007E6FF0 /* mark.c in Sources */ = {isa = PBXBuildFile; fileRef = 56F8563F1D342937007E6FF0 /* mark.c */; };
		56F857611D342E59007E6FF0 /* cff_codecs.c in Sources */ = {isa = PBXBuildFile; fileRef = 56F856551D34294C007E6FF0 /* cff_codecs.c */; };
		56F857621D342E59007E6FF0 /* cff_opmean.c in Sources */ = {isa = PBXBuildFile; fileRef = 56F856571D34294C007E6FF0 /* cff_opmean.c */; };
		56F857631D342E59007E6FF0 /* cff_string.c in Sources */ = {isa = PBXBuildFile; fileRef = 56F856591D34294C007E6FF0 /* cff_string.c */; };
		56F857641D342E5A007E6FF0 /* cff_codecs.c in Sources */ = {isa = PBXBuildFile; fileRef = 56F856551D34294C007E6FF0 /* cff_codecs.c */; };
		56F857651D342E5A007E6FF0 /* cff_opmean.c in Sources */ = {isa = PBXBuildFile; fileRef = 56F856571D34294C007E6FF0 /* cff_opmean.c */; };
		56F857661D342E5A007E6FF0 /* cff_string.c in Sources */ = {isa = PBXBuildFile; fileRef = 56F856591D34294C007E6FF0 /* cff_string.c */; };
/* End PBXBuildFile section */

/* Begin PBXCopyFilesBuildPhase section */
		56F856061D342851007E6FF0 /* CopyFiles */ = {
			isa = PBXCopyFilesBuildPhase;
			buildActionMask = 2147483647;
			dstPath = /usr/share/man/man1/;
			dstSubfolderSpec = 0;
			files = (
			);
			runOnlyForDeploymentPostprocessing = 1;
		};
		56F856E91D3429BD007E6FF0 /* CopyFiles */ = {
			isa = PBXCopyFilesBuildPhase;
			buildActionMask = 2147483647;
			dstPath = /usr/share/man/man1/;
			dstSubfolderSpec = 0;
			files = (
			);
			runOnlyForDeploymentPostprocessing = 1;
		};
/* End PBXCopyFilesBuildPhase section */

/* Begin PBXFileReference section */
		56F856081D342851007E6FF0 /* otfccbuild */ = {isa = PBXFileReference; explicitFileType = "compiled.mach-o.executable"; includeInIndex = 0; path = otfccbuild; sourceTree = BUILT_PRODUCTS_DIR; };
		56F856201D34292A007E6FF0 /* caryll-font.c */ = {isa = PBXFileReference; lastKnownFileType = sourcecode.c.c; path = "caryll-font.c"; sourceTree = "<group>"; };
		56F856211D34292A007E6FF0 /* caryll-font.h */ = {isa = PBXFileReference; lastKnownFileType = sourcecode.c.h; path = "caryll-font.h"; sourceTree = "<group>"; };
		56F856221D34292A007E6FF0 /* caryll-sfnt-builder.c */ = {isa = PBXFileReference; lastKnownFileType = sourcecode.c.c; path = "caryll-sfnt-builder.c"; sourceTree = "<group>"; };
		56F856231D34292A007E6FF0 /* caryll-sfnt-builder.h */ = {isa = PBXFileReference; lastKnownFileType = sourcecode.c.h; path = "caryll-sfnt-builder.h"; sourceTree = "<group>"; };
		56F856241D34292A007E6FF0 /* caryll-sfnt.c */ = {isa = PBXFileReference; lastKnownFileType = sourcecode.c.c; path = "caryll-sfnt.c"; sourceTree = "<group>"; };
		56F856251D34292A007E6FF0 /* caryll-sfnt.h */ = {isa = PBXFileReference; lastKnownFileType = sourcecode.c.h; path = "caryll-sfnt.h"; sourceTree = "<group>"; };
		56F856271D342937007E6FF0 /* consolidate.c */ = {isa = PBXFileReference; lastKnownFileType = sourcecode.c.c; path = consolidate.c; sourceTree = "<group>"; };
		56F856281D342937007E6FF0 /* consolidate.h */ = {isa = PBXFileReference; lastKnownFileType = sourcecode.c.h; path = consolidate.h; sourceTree = "<group>"; };
		56F856291D342937007E6FF0 /* fontop.h */ = {isa = PBXFileReference; lastKnownFileType = sourcecode.c.h; path = fontop.h; sourceTree = "<group>"; };
		56F8562B1D342937007E6FF0 /* chaining.c */ = {isa = PBXFileReference; lastKnownFileType = sourcecode.c.c; path = chaining.c; sourceTree = "<group>"; };
		56F8562C1D342937007E6FF0 /* chaining.h */ = {isa = PBXFileReference; lastKnownFileType = sourcecode.c.h; path = chaining.h; sourceTree = "<group>"; };
		56F8562D1D342937007E6FF0 /* common.c */ = {isa = PBXFileReference; lastKnownFileType = sourcecode.c.c; path = common.c; sourceTree = "<group>"; };
		56F8562E1D342937007E6FF0 /* common.h */ = {isa = PBXFileReference; lastKnownFileType = sourcecode.c.h; path = common.h; sourceTree = "<group>"; };
		56F8562F1D342937007E6FF0 /* GDEF.c */ = {isa = PBXFileReference; lastKnownFileType = sourcecode.c.c; path = GDEF.c; sourceTree = "<group>"; };
		56F856301D342937007E6FF0 /* GDEF.h */ = {isa = PBXFileReference; lastKnownFileType = sourcecode.c.h; path = GDEF.h; sourceTree = "<group>"; };
		56F856311D342937007E6FF0 /* gpos-cursive.c */ = {isa = PBXFileReference; lastKnownFileType = sourcecode.c.c; path = "gpos-cursive.c"; sourceTree = "<group>"; };
		56F856321D342937007E6FF0 /* gpos-cursive.h */ = {isa = PBXFileReference; lastKnownFileType = sourcecode.c.h; path = "gpos-cursive.h"; sourceTree = "<group>"; };
		56F856331D342937007E6FF0 /* gpos-pair.c */ = {isa = PBXFileReference; lastKnownFileType = sourcecode.c.c; path = "gpos-pair.c"; sourceTree = "<group>"; };
		56F856341D342937007E6FF0 /* gpos-pair.h */ = {isa = PBXFileReference; lastKnownFileType = sourcecode.c.h; path = "gpos-pair.h"; sourceTree = "<group>"; };
		56F856351D342937007E6FF0 /* gpos-single.c */ = {isa = PBXFileReference; lastKnownFileType = sourcecode.c.c; path = "gpos-single.c"; sourceTree = "<group>"; };
		56F856361D342937007E6FF0 /* gpos-single.h */ = {isa = PBXFileReference; lastKnownFileType = sourcecode.c.h; path = "gpos-single.h"; sourceTree = "<group>"; };
		56F856371D342937007E6FF0 /* gsub-ligature.c */ = {isa = PBXFileReference; lastKnownFileType = sourcecode.c.c; path = "gsub-ligature.c"; sourceTree = "<group>"; };
		56F856381D342937007E6FF0 /* gsub-ligature.h */ = {isa = PBXFileReference; lastKnownFileType = sourcecode.c.h; path = "gsub-ligature.h"; sourceTree = "<group>"; };
		56F856391D342937007E6FF0 /* gsub-multi.c */ = {isa = PBXFileReference; lastKnownFileType = sourcecode.c.c; path = "gsub-multi.c"; sourceTree = "<group>"; };
		56F8563A1D342937007E6FF0 /* gsub-multi.h */ = {isa = PBXFileReference; lastKnownFileType = sourcecode.c.h; path = "gsub-multi.h"; sourceTree = "<group>"; };
		56F8563B1D342937007E6FF0 /* gsub-reverse.c */ = {isa = PBXFileReference; lastKnownFileType = sourcecode.c.c; path = "gsub-reverse.c"; sourceTree = "<group>"; };
		56F8563C1D342937007E6FF0 /* gsub-reverse.h */ = {isa = PBXFileReference; lastKnownFileType = sourcecode.c.h; path = "gsub-reverse.h"; sourceTree = "<group>"; };
		56F8563D1D342937007E6FF0 /* gsub-single.c */ = {isa = PBXFileReference; lastKnownFileType = sourcecode.c.c; path = "gsub-single.c"; sourceTree = "<group>"; };
		56F8563E1D342937007E6FF0 /* gsub-single.h */ = {isa = PBXFileReference; lastKnownFileType = sourcecode.c.h; path = "gsub-single.h"; sourceTree = "<group>"; };
		56F8563F1D342937007E6FF0 /* mark.c */ = {isa = PBXFileReference; lastKnownFileType = sourcecode.c.c; path = mark.c; sourceTree = "<group>"; };
		56F856401D342937007E6FF0 /* mark.h */ = {isa = PBXFileReference; lastKnownFileType = sourcecode.c.h; path = mark.h; sourceTree = "<group>"; };
		56F856411D342937007E6FF0 /* stat.c */ = {isa = PBXFileReference; lastKnownFileType = sourcecode.c.c; path = stat.c; sourceTree = "<group>"; };
		56F856421D342937007E6FF0 /* stat.h */ = {isa = PBXFileReference; lastKnownFileType = sourcecode.c.h; path = stat.h; sourceTree = "<group>"; };
		56F856431D342937007E6FF0 /* unconsolidate.c */ = {isa = PBXFileReference; lastKnownFileType = sourcecode.c.c; path = unconsolidate.c; sourceTree = "<group>"; };
		56F856441D342937007E6FF0 /* unconsolidate.h */ = {isa = PBXFileReference; lastKnownFileType = sourcecode.c.h; path = unconsolidate.h; sourceTree = "<group>"; };
		56F856461D342942007E6FF0 /* aglfn.c */ = {isa = PBXFileReference; lastKnownFileType = sourcecode.c.c; path = aglfn.c; sourceTree = "<group>"; };
		56F856471D342942007E6FF0 /* aglfn.h */ = {isa = PBXFileReference; lastKnownFileType = sourcecode.c.h; path = aglfn.h; sourceTree = "<group>"; };
		56F856481D342942007E6FF0 /* base64.c */ = {isa = PBXFileReference; lastKnownFileType = sourcecode.c.c; path = base64.c; sourceTree = "<group>"; };
		56F856491D342942007E6FF0 /* base64.h */ = {isa = PBXFileReference; lastKnownFileType = sourcecode.c.h; path = base64.h; sourceTree = "<group>"; };
		56F8564A1D342942007E6FF0 /* buffer.c */ = {isa = PBXFileReference; lastKnownFileType = sourcecode.c.c; path = buffer.c; sourceTree = "<group>"; };
		56F8564B1D342942007E6FF0 /* buffer.h */ = {isa = PBXFileReference; lastKnownFileType = sourcecode.c.h; path = buffer.h; sourceTree = "<group>"; };
		56F8564C1D342942007E6FF0 /* glyphorder.c */ = {isa = PBXFileReference; lastKnownFileType = sourcecode.c.c; path = glyphorder.c; sourceTree = "<group>"; };
		56F8564D1D342942007E6FF0 /* glyphorder.h */ = {isa = PBXFileReference; lastKnownFileType = sourcecode.c.h; path = glyphorder.h; sourceTree = "<group>"; };
		56F8564E1D342942007E6FF0 /* ttinstr.c */ = {isa = PBXFileReference; lastKnownFileType = sourcecode.c.c; path = ttinstr.c; sourceTree = "<group>"; };
		56F8564F1D342942007E6FF0 /* ttinstr.h */ = {isa = PBXFileReference; lastKnownFileType = sourcecode.c.h; path = ttinstr.h; sourceTree = "<group>"; };
		56F856501D342942007E6FF0 /* unicodeconv.c */ = {isa = PBXFileReference; lastKnownFileType = sourcecode.c.c; path = unicodeconv.c; sourceTree = "<group>"; };
		56F856511D342942007E6FF0 /* unicodeconv.h */ = {isa = PBXFileReference; lastKnownFileType = sourcecode.c.h; path = unicodeconv.h; sourceTree = "<group>"; };
		56F856521D342942007E6FF0 /* util.h */ = {isa = PBXFileReference; lastKnownFileType = sourcecode.c.h; path = util.h; sourceTree = "<group>"; };
		56F856551D34294C007E6FF0 /* cff_codecs.c */ = {isa = PBXFileReference; lastKnownFileType = sourcecode.c.c; path = cff_codecs.c; sourceTree = "<group>"; };
		56F856561D34294C007E6FF0 /* cff_io.h */ = {isa = PBXFileReference; lastKnownFileType = sourcecode.c.h; path = cff_io.h; sourceTree = "<group>"; };
		56F856571D34294C007E6FF0 /* cff_opmean.c */ = {isa = PBXFileReference; lastKnownFileType = sourcecode.c.c; path = cff_opmean.c; sourceTree = "<group>"; };
		56F856581D34294C007E6FF0 /* cff_parser.c */ = {isa = PBXFileReference; lastKnownFileType = sourcecode.c.c; path = cff_parser.c; sourceTree = "<group>"; };
		56F856591D34294C007E6FF0 /* cff_string.c */ = {isa = PBXFileReference; lastKnownFileType = sourcecode.c.c; path = cff_string.c; sourceTree = "<group>"; };
		56F8565A1D34294C007E6FF0 /* cff_writer.c */ = {isa = PBXFileReference; lastKnownFileType = sourcecode.c.c; path = cff_writer.c; sourceTree = "<group>"; };
		56F8565B1D34294C007E6FF0 /* CFF.c */ = {isa = PBXFileReference; lastKnownFileType = sourcecode.c.c; path = CFF.c; sourceTree = "<group>"; };
		56F8565C1D34294C007E6FF0 /* CFF.h */ = {isa = PBXFileReference; lastKnownFileType = sourcecode.c.h; path = CFF.h; sourceTree = "<group>"; };
		56F8565D1D34294C007E6FF0 /* cmap.c */ = {isa = PBXFileReference; lastKnownFileType = sourcecode.c.c; path = cmap.c; sourceTree = "<group>"; };
		56F8565E1D34294C007E6FF0 /* cmap.h */ = {isa = PBXFileReference; lastKnownFileType = sourcecode.c.h; path = cmap.h; sourceTree = "<group>"; };
		56F8565F1D34294C007E6FF0 /* cvt.c */ = {isa = PBXFileReference; lastKnownFileType = sourcecode.c.c; path = cvt.c; sourceTree = "<group>"; };
		56F856601D34294C007E6FF0 /* cvt.h */ = {isa = PBXFileReference; lastKnownFileType = sourcecode.c.h; path = cvt.h; sourceTree = "<group>"; };
		56F856611D34294C007E6FF0 /* fpgm-prep.c */ = {isa = PBXFileReference; lastKnownFileType = sourcecode.c.c; path = "fpgm-prep.c"; sourceTree = "<group>"; };
		56F856621D34294C007E6FF0 /* fpgm-prep.h */ = {isa = PBXFileReference; lastKnownFileType = sourcecode.c.h; path = "fpgm-prep.h"; sourceTree = "<group>"; };
		56F856631D34294C007E6FF0 /* gasp.c */ = {isa = PBXFileReference; lastKnownFileType = sourcecode.c.c; path = gasp.c; sourceTree = "<group>"; };
		56F856641D34294C007E6FF0 /* gasp.h */ = {isa = PBXFileReference; lastKnownFileType = sourcecode.c.h; path = gasp.h; sourceTree = "<group>"; };
		56F856651D34294C007E6FF0 /* glyf.c */ = {isa = PBXFileReference; lastKnownFileType = sourcecode.c.c; path = glyf.c; sourceTree = "<group>"; };
		56F856661D34294C007E6FF0 /* glyf.h */ = {isa = PBXFileReference; lastKnownFileType = sourcecode.c.h; path = glyf.h; sourceTree = "<group>"; };
		56F856671D34294C007E6FF0 /* hdmx.c */ = {isa = PBXFileReference; lastKnownFileType = sourcecode.c.c; path = hdmx.c; sourceTree = "<group>"; };
		56F856681D34294C007E6FF0 /* hdmx.h */ = {isa = PBXFileReference; lastKnownFileType = sourcecode.c.h; path = hdmx.h; sourceTree = "<group>"; };
		56F856691D34294C007E6FF0 /* head.c */ = {isa = PBXFileReference; lastKnownFileType = sourcecode.c.c; path = head.c; sourceTree = "<group>"; };
		56F8566A1D34294C007E6FF0 /* head.h */ = {isa = PBXFileReference; lastKnownFileType = sourcecode.c.h; path = head.h; sourceTree = "<group>"; };
		56F8566B1D34294C007E6FF0 /* hhea.c */ = {isa = PBXFileReference; lastKnownFileType = sourcecode.c.c; path = hhea.c; sourceTree = "<group>"; };
		56F8566C1D34294C007E6FF0 /* hhea.h */ = {isa = PBXFileReference; lastKnownFileType = sourcecode.c.h; path = hhea.h; sourceTree = "<group>"; };
		56F8566D1D34294C007E6FF0 /* hmtx.c */ = {isa = PBXFileReference; lastKnownFileType = sourcecode.c.c; path = hmtx.c; sourceTree = "<group>"; };
		56F8566E1D34294C007E6FF0 /* hmtx.h */ = {isa = PBXFileReference; lastKnownFileType = sourcecode.c.h; path = hmtx.h; sourceTree = "<group>"; };
		56F8566F1D34294C007E6FF0 /* LTSH.c */ = {isa = PBXFileReference; lastKnownFileType = sourcecode.c.c; path = LTSH.c; sourceTree = "<group>"; };
		56F856701D34294C007E6FF0 /* LTSH.h */ = {isa = PBXFileReference; lastKnownFileType = sourcecode.c.h; path = LTSH.h; sourceTree = "<group>"; };
		56F856711D34294C007E6FF0 /* maxp.c */ = {isa = PBXFileReference; lastKnownFileType = sourcecode.c.c; path = maxp.c; sourceTree = "<group>"; };
		56F856721D34294C007E6FF0 /* maxp.h */ = {isa = PBXFileReference; lastKnownFileType = sourcecode.c.h; path = maxp.h; sourceTree = "<group>"; };
		56F856731D34294C007E6FF0 /* name.c */ = {isa = PBXFileReference; lastKnownFileType = sourcecode.c.c; path = name.c; sourceTree = "<group>"; };
		56F856741D34294C007E6FF0 /* name.h */ = {isa = PBXFileReference; lastKnownFileType = sourcecode.c.h; path = name.h; sourceTree = "<group>"; };
		56F856751D34294C007E6FF0 /* OS_2.c */ = {isa = PBXFileReference; lastKnownFileType = sourcecode.c.c; path = OS_2.c; sourceTree = "<group>"; };
		56F856761D34294C007E6FF0 /* OS_2.h */ = {isa = PBXFileReference; lastKnownFileType = sourcecode.c.h; path = OS_2.h; sourceTree = "<group>"; };
		56F856781D34294C007E6FF0 /* chaining.c */ = {isa = PBXFileReference; lastKnownFileType = sourcecode.c.c; path = chaining.c; sourceTree = "<group>"; };
		56F856791D34294C007E6FF0 /* chaining.h */ = {isa = PBXFileReference; lastKnownFileType = sourcecode.c.h; path = chaining.h; sourceTree = "<group>"; };
		56F8567A1D34294C007E6FF0 /* classdef.c */ = {isa = PBXFileReference; lastKnownFileType = sourcecode.c.c; path = classdef.c; sourceTree = "<group>"; };
		56F8567B1D34294C007E6FF0 /* classdef.h */ = {isa = PBXFileReference; lastKnownFileType = sourcecode.c.h; path = classdef.h; sourceTree = "<group>"; };
		56F8567C1D34294C007E6FF0 /* coverage.c */ = {isa = PBXFileReference; lastKnownFileType = sourcecode.c.c; path = coverage.c; sourceTree = "<group>"; };
		56F8567D1D34294C007E6FF0 /* coverage.h */ = {isa = PBXFileReference; lastKnownFileType = sourcecode.c.h; path = coverage.h; sourceTree = "<group>"; };
		56F8567E1D34294C007E6FF0 /* extend.c */ = {isa = PBXFileReference; lastKnownFileType = sourcecode.c.c; path = extend.c; sourceTree = "<group>"; };
		56F8567F1D34294C007E6FF0 /* extend.h */ = {isa = PBXFileReference; lastKnownFileType = sourcecode.c.h; path = extend.h; sourceTree = "<group>"; };
		56F856801D34294C007E6FF0 /* GDEF.c */ = {isa = PBXFileReference; lastKnownFileType = sourcecode.c.c; path = GDEF.c; sourceTree = "<group>"; };
		56F856811D34294C007E6FF0 /* GDEF.h */ = {isa = PBXFileReference; lastKnownFileType = sourcecode.c.h; path = GDEF.h; sourceTree = "<group>"; };
		56F856821D34294C007E6FF0 /* gpos-common.c */ = {isa = PBXFileReference; lastKnownFileType = sourcecode.c.c; path = "gpos-common.c"; sourceTree = "<group>"; };
		56F856831D34294C007E6FF0 /* gpos-common.h */ = {isa = PBXFileReference; lastKnownFileType = sourcecode.c.h; path = "gpos-common.h"; sourceTree = "<group>"; };
		56F856841D34294C007E6FF0 /* gpos-cursive.c */ = {isa = PBXFileReference; lastKnownFileType = sourcecode.c.c; path = "gpos-cursive.c"; sourceTree = "<group>"; };
		56F856851D34294C007E6FF0 /* gpos-cursive.h */ = {isa = PBXFileReference; lastKnownFileType = sourcecode.c.h; path = "gpos-cursive.h"; sourceTree = "<group>"; };
		56F856861D34294C007E6FF0 /* gpos-mark-to-ligature.c */ = {isa = PBXFileReference; lastKnownFileType = sourcecode.c.c; path = "gpos-mark-to-ligature.c"; sourceTree = "<group>"; };
		56F856871D34294C007E6FF0 /* gpos-mark-to-ligature.h */ = {isa = PBXFileReference; lastKnownFileType = sourcecode.c.h; path = "gpos-mark-to-ligature.h"; sourceTree = "<group>"; };
		56F856881D34294C007E6FF0 /* gpos-mark-to-single.c */ = {isa = PBXFileReference; lastKnownFileType = sourcecode.c.c; path = "gpos-mark-to-single.c"; sourceTree = "<group>"; };
		56F856891D34294C007E6FF0 /* gpos-mark-to-single.h */ = {isa = PBXFileReference; lastKnownFileType = sourcecode.c.h; path = "gpos-mark-to-single.h"; sourceTree = "<group>"; };
		56F8568A1D34294C007E6FF0 /* gpos-pair.c */ = {isa = PBXFileReference; lastKnownFileType = sourcecode.c.c; path = "gpos-pair.c"; sourceTree = "<group>"; };
		56F8568B1D34294C007E6FF0 /* gpos-pair.h */ = {isa = PBXFileReference; lastKnownFileType = sourcecode.c.h; path = "gpos-pair.h"; sourceTree = "<group>"; };
		56F8568C1D34294C007E6FF0 /* gpos-single.c */ = {isa = PBXFileReference; lastKnownFileType = sourcecode.c.c; path = "gpos-single.c"; sourceTree = "<group>"; };
		56F8568D1D34294C007E6FF0 /* gpos-single.h */ = {isa = PBXFileReference; lastKnownFileType = sourcecode.c.h; path = "gpos-single.h"; sourceTree = "<group>"; };
		56F8568E1D34294C007E6FF0 /* gsub-ligature.c */ = {isa = PBXFileReference; lastKnownFileType = sourcecode.c.c; path = "gsub-ligature.c"; sourceTree = "<group>"; };
		56F8568F1D34294C007E6FF0 /* gsub-ligature.h */ = {isa = PBXFileReference; lastKnownFileType = sourcecode.c.h; path = "gsub-ligature.h"; sourceTree = "<group>"; };
		56F856901D34294C007E6FF0 /* gsub-multi.c */ = {isa = PBXFileReference; lastKnownFileType = sourcecode.c.c; path = "gsub-multi.c"; sourceTree = "<group>"; };
		56F856911D34294C007E6FF0 /* gsub-multi.h */ = {isa = PBXFileReference; lastKnownFileType = sourcecode.c.h; path = "gsub-multi.h"; sourceTree = "<group>"; };
		56F856921D34294C007E6FF0 /* gsub-reverse.c */ = {isa = PBXFileReference; lastKnownFileType = sourcecode.c.c; path = "gsub-reverse.c"; sourceTree = "<group>"; };
		56F856931D34294C007E6FF0 /* gsub-reverse.h */ = {isa = PBXFileReference; lastKnownFileType = sourcecode.c.h; path = "gsub-reverse.h"; sourceTree = "<group>"; };
		56F856941D34294C007E6FF0 /* gsub-single.c */ = {isa = PBXFileReference; lastKnownFileType = sourcecode.c.c; path = "gsub-single.c"; sourceTree = "<group>"; };
		56F856951D34294C007E6FF0 /* gsub-single.h */ = {isa = PBXFileReference; lastKnownFileType = sourcecode.c.h; path = "gsub-single.h"; sourceTree = "<group>"; };
		56F856961D34294C007E6FF0 /* otl.c */ = {isa = PBXFileReference; lastKnownFileType = sourcecode.c.c; path = otl.c; sourceTree = "<group>"; };
		56F856971D34294C007E6FF0 /* otl.h */ = {isa = PBXFileReference; lastKnownFileType = sourcecode.c.h; path = otl.h; sourceTree = "<group>"; };
		56F856981D34294C007E6FF0 /* PCLT.c */ = {isa = PBXFileReference; lastKnownFileType = sourcecode.c.c; path = PCLT.c; sourceTree = "<group>"; };
		56F856991D34294C007E6FF0 /* PCLT.h */ = {isa = PBXFileReference; lastKnownFileType = sourcecode.c.h; path = PCLT.h; sourceTree = "<group>"; };
		56F8569A1D34294C007E6FF0 /* post.c */ = {isa = PBXFileReference; lastKnownFileType = sourcecode.c.c; path = post.c; sourceTree = "<group>"; };
		56F8569B1D34294C007E6FF0 /* post.h */ = {isa = PBXFileReference; lastKnownFileType = sourcecode.c.h; path = post.h; sourceTree = "<group>"; };
		56F8569C1D34294C007E6FF0 /* vhea.c */ = {isa = PBXFileReference; lastKnownFileType = sourcecode.c.c; path = vhea.c; sourceTree = "<group>"; };
		56F8569D1D34294C007E6FF0 /* vhea.h */ = {isa = PBXFileReference; lastKnownFileType = sourcecode.c.h; path = vhea.h; sourceTree = "<group>"; };
		56F8569E1D34294C007E6FF0 /* vmtx.c */ = {isa = PBXFileReference; lastKnownFileType = sourcecode.c.c; path = vmtx.c; sourceTree = "<group>"; };
		56F8569F1D34294C007E6FF0 /* vmtx.h */ = {isa = PBXFileReference; lastKnownFileType = sourcecode.c.h; path = vmtx.h; sourceTree = "<group>"; };
		56F856A01D34294C007E6FF0 /* VORG.c */ = {isa = PBXFileReference; lastKnownFileType = sourcecode.c.c; path = VORG.c; sourceTree = "<group>"; };
		56F856A11D34294C007E6FF0 /* VORG.h */ = {isa = PBXFileReference; lastKnownFileType = sourcecode.c.h; path = VORG.h; sourceTree = "<group>"; };
		56F856C21D3429A4007E6FF0 /* otfccbuild.c */ = {isa = PBXFileReference; lastKnownFileType = sourcecode.c.c; path = otfccbuild.c; sourceTree = "<group>"; };
		56F856C31D3429A4007E6FF0 /* otfccdump.c */ = {isa = PBXFileReference; lastKnownFileType = sourcecode.c.c; path = otfccdump.c; sourceTree = "<group>"; };
		56F856C41D3429A4007E6FF0 /* platform.h */ = {isa = PBXFileReference; lastKnownFileType = sourcecode.c.h; path = platform.h; sourceTree = "<group>"; };
		56F856C51D3429A4007E6FF0 /* stopwatch.c */ = {isa = PBXFileReference; lastKnownFileType = sourcecode.c.c; path = stopwatch.c; sourceTree = "<group>"; };
		56F856C61D3429A4007E6FF0 /* stopwatch.h */ = {isa = PBXFileReference; lastKnownFileType = sourcecode.c.h; path = stopwatch.h; sourceTree = "<group>"; };
		56F856ED1D3429BD007E6FF0 /* otfccdump */ = {isa = PBXFileReference; explicitFileType = "compiled.mach-o.executable"; includeInIndex = 0; path = otfccdump; sourceTree = BUILT_PRODUCTS_DIR; };
		56F857111D342B55007E6FF0 /* emyg-dtoa.c */ = {isa = PBXFileReference; fileEncoding = 4; lastKnownFileType = sourcecode.c.c; path = "emyg-dtoa.c"; sourceTree = "<group>"; };
		56F857121D342B55007E6FF0 /* emyg-dtoa.h */ = {isa = PBXFileReference; fileEncoding = 4; lastKnownFileType = sourcecode.c.h; path = "emyg-dtoa.h"; sourceTree = "<group>"; };
		56F857131D342B55007E6FF0 /* json-builder.c */ = {isa = PBXFileReference; fileEncoding = 4; lastKnownFileType = sourcecode.c.c; path = "json-builder.c"; sourceTree = "<group>"; };
		56F857141D342B55007E6FF0 /* json-builder.h */ = {isa = PBXFileReference; fileEncoding = 4; lastKnownFileType = sourcecode.c.h; path = "json-builder.h"; sourceTree = "<group>"; };
		56F857151D342B55007E6FF0 /* json.c */ = {isa = PBXFileReference; fileEncoding = 4; lastKnownFileType = sourcecode.c.c; path = json.c; sourceTree = "<group>"; };
		56F857161D342B55007E6FF0 /* json.h */ = {isa = PBXFileReference; fileEncoding = 4; lastKnownFileType = sourcecode.c.h; path = json.h; sourceTree = "<group>"; };
		56F857171D342B55007E6FF0 /* sds.c */ = {isa = PBXFileReference; fileEncoding = 4; lastKnownFileType = sourcecode.c.c; path = sds.c; sourceTree = "<group>"; };
		56F857181D342B55007E6FF0 /* sds.h */ = {isa = PBXFileReference; fileEncoding = 4; lastKnownFileType = sourcecode.c.h; path = sds.h; sourceTree = "<group>"; };
		56F857191D342B55007E6FF0 /* sdsalloc.h */ = {isa = PBXFileReference; fileEncoding = 4; lastKnownFileType = sourcecode.c.h; path = sdsalloc.h; sourceTree = "<group>"; };
		56F8571A1D342B55007E6FF0 /* uthash.h */ = {isa = PBXFileReference; fileEncoding = 4; lastKnownFileType = sourcecode.c.h; path = uthash.h; sourceTree = "<group>"; };
/* End PBXFileReference section */

/* Begin PBXFrameworksBuildPhase section */
		56F856051D342851007E6FF0 /* Frameworks */ = {
			isa = PBXFrameworksBuildPhase;
			buildActionMask = 2147483647;
			files = (
			);
			runOnlyForDeploymentPostprocessing = 0;
		};
		56F856E81D3429BD007E6FF0 /* Frameworks */ = {
			isa = PBXFrameworksBuildPhase;
			buildActionMask = 2147483647;
			files = (
			);
			runOnlyForDeploymentPostprocessing = 0;
		};
/* End PBXFrameworksBuildPhase section */

/* Begin PBXGroup section */
		56F855FF1D342851007E6FF0 = {
			isa = PBXGroup;
			children = (
				56F8561F1D34292A007E6FF0 /* font */,
				56F856261D342937007E6FF0 /* fontops */,
				56F856451D342942007E6FF0 /* support */,
				56F856531D34294C007E6FF0 /* tables */,
				56F8570F1D342B55007E6FF0 /* extern */,
				56F856C11D3429A4007E6FF0 /* cli */,
				56F856091D342851007E6FF0 /* Products */,
			);
			sourceTree = "<group>";
		};
		56F856091D342851007E6FF0 /* Products */ = {
			isa = PBXGroup;
			children = (
				56F856081D342851007E6FF0 /* otfccbuild */,
				56F856ED1D3429BD007E6FF0 /* otfccdump */,
			);
			name = Products;
			sourceTree = "<group>";
		};
		56F8561F1D34292A007E6FF0 /* font */ = {
			isa = PBXGroup;
			children = (
				56F856201D34292A007E6FF0 /* caryll-font.c */,
				56F856211D34292A007E6FF0 /* caryll-font.h */,
				56F856221D34292A007E6FF0 /* caryll-sfnt-builder.c */,
				56F856231D34292A007E6FF0 /* caryll-sfnt-builder.h */,
				56F856241D34292A007E6FF0 /* caryll-sfnt.c */,
				56F856251D34292A007E6FF0 /* caryll-sfnt.h */,
			);
			name = font;
			path = src/font;
			sourceTree = "<group>";
		};
		56F856261D342937007E6FF0 /* fontops */ = {
			isa = PBXGroup;
			children = (
				56F856271D342937007E6FF0 /* consolidate.c */,
				56F856281D342937007E6FF0 /* consolidate.h */,
				56F856291D342937007E6FF0 /* fontop.h */,
				56F8562A1D342937007E6FF0 /* otl */,
				56F856411D342937007E6FF0 /* stat.c */,
				56F856421D342937007E6FF0 /* stat.h */,
				56F856431D342937007E6FF0 /* unconsolidate.c */,
				56F856441D342937007E6FF0 /* unconsolidate.h */,
			);
			name = fontops;
			path = src/fontops;
			sourceTree = "<group>";
		};
		56F8562A1D342937007E6FF0 /* otl */ = {
			isa = PBXGroup;
			children = (
				56F8562B1D342937007E6FF0 /* chaining.c */,
				56F8562C1D342937007E6FF0 /* chaining.h */,
				56F8562D1D342937007E6FF0 /* common.c */,
				56F8562E1D342937007E6FF0 /* common.h */,
				56F8562F1D342937007E6FF0 /* GDEF.c */,
				56F856301D342937007E6FF0 /* GDEF.h */,
				56F856311D342937007E6FF0 /* gpos-cursive.c */,
				56F856321D342937007E6FF0 /* gpos-cursive.h */,
				56F856331D342937007E6FF0 /* gpos-pair.c */,
				56F856341D342937007E6FF0 /* gpos-pair.h */,
				56F856351D342937007E6FF0 /* gpos-single.c */,
				56F856361D342937007E6FF0 /* gpos-single.h */,
				56F856371D342937007E6FF0 /* gsub-ligature.c */,
				56F856381D342937007E6FF0 /* gsub-ligature.h */,
				56F856391D342937007E6FF0 /* gsub-multi.c */,
				56F8563A1D342937007E6FF0 /* gsub-multi.h */,
				56F8563B1D342937007E6FF0 /* gsub-reverse.c */,
				56F8563C1D342937007E6FF0 /* gsub-reverse.h */,
				56F8563D1D342937007E6FF0 /* gsub-single.c */,
				56F8563E1D342937007E6FF0 /* gsub-single.h */,
				56F8563F1D342937007E6FF0 /* mark.c */,
				56F856401D342937007E6FF0 /* mark.h */,
			);
			path = otl;
			sourceTree = "<group>";
		};
		56F856451D342942007E6FF0 /* support */ = {
			isa = PBXGroup;
			children = (
				56F856461D342942007E6FF0 /* aglfn.c */,
				56F856471D342942007E6FF0 /* aglfn.h */,
				56F856481D342942007E6FF0 /* base64.c */,
				56F856491D342942007E6FF0 /* base64.h */,
				56F8564A1D342942007E6FF0 /* buffer.c */,
				56F8564B1D342942007E6FF0 /* buffer.h */,
				56F8564C1D342942007E6FF0 /* glyphorder.c */,
				56F8564D1D342942007E6FF0 /* glyphorder.h */,
				56F8564E1D342942007E6FF0 /* ttinstr.c */,
				56F8564F1D342942007E6FF0 /* ttinstr.h */,
				56F856501D342942007E6FF0 /* unicodeconv.c */,
				56F856511D342942007E6FF0 /* unicodeconv.h */,
				56F856521D342942007E6FF0 /* util.h */,
			);
			name = support;
			path = src/support;
			sourceTree = "<group>";
		};
		56F856531D34294C007E6FF0 /* tables */ = {
			isa = PBXGroup;
			children = (
				56F856541D34294C007E6FF0 /* CFF */,
				56F8565B1D34294C007E6FF0 /* CFF.c */,
				56F8565C1D34294C007E6FF0 /* CFF.h */,
				56F8565D1D34294C007E6FF0 /* cmap.c */,
				56F8565E1D34294C007E6FF0 /* cmap.h */,
				56F8565F1D34294C007E6FF0 /* cvt.c */,
				56F856601D34294C007E6FF0 /* cvt.h */,
				56F856611D34294C007E6FF0 /* fpgm-prep.c */,
				56F856621D34294C007E6FF0 /* fpgm-prep.h */,
				56F856631D34294C007E6FF0 /* gasp.c */,
				56F856641D34294C007E6FF0 /* gasp.h */,
				56F856651D34294C007E6FF0 /* glyf.c */,
				56F856661D34294C007E6FF0 /* glyf.h */,
				56F856671D34294C007E6FF0 /* hdmx.c */,
				56F856681D34294C007E6FF0 /* hdmx.h */,
				56F856691D34294C007E6FF0 /* head.c */,
				56F8566A1D34294C007E6FF0 /* head.h */,
				56F8566B1D34294C007E6FF0 /* hhea.c */,
				56F8566C1D34294C007E6FF0 /* hhea.h */,
				56F8566D1D34294C007E6FF0 /* hmtx.c */,
				56F8566E1D34294C007E6FF0 /* hmtx.h */,
				56F8566F1D34294C007E6FF0 /* LTSH.c */,
				56F856701D34294C007E6FF0 /* LTSH.h */,
				56F856711D34294C007E6FF0 /* maxp.c */,
				56F856721D34294C007E6FF0 /* maxp.h */,
				56F856731D34294C007E6FF0 /* name.c */,
				56F856741D34294C007E6FF0 /* name.h */,
				56F856751D34294C007E6FF0 /* OS_2.c */,
				56F856761D34294C007E6FF0 /* OS_2.h */,
				56F856771D34294C007E6FF0 /* otl */,
				56F856981D34294C007E6FF0 /* PCLT.c */,
				56F856991D34294C007E6FF0 /* PCLT.h */,
				56F8569A1D34294C007E6FF0 /* post.c */,
				56F8569B1D34294C007E6FF0 /* post.h */,
				56F8569C1D34294C007E6FF0 /* vhea.c */,
				56F8569D1D34294C007E6FF0 /* vhea.h */,
				56F8569E1D34294C007E6FF0 /* vmtx.c */,
				56F8569F1D34294C007E6FF0 /* vmtx.h */,
				56F856A01D34294C007E6FF0 /* VORG.c */,
				56F856A11D34294C007E6FF0 /* VORG.h */,
			);
			name = tables;
			path = src/tables;
			sourceTree = "<group>";
		};
		56F856541D34294C007E6FF0 /* CFF */ = {
			isa = PBXGroup;
			children = (
				56F856551D34294C007E6FF0 /* cff_codecs.c */,
				56F856561D34294C007E6FF0 /* cff_io.h */,
				56F856571D34294C007E6FF0 /* cff_opmean.c */,
				56F856581D34294C007E6FF0 /* cff_parser.c */,
				56F856591D34294C007E6FF0 /* cff_string.c */,
				56F8565A1D34294C007E6FF0 /* cff_writer.c */,
			);
			path = CFF;
			sourceTree = "<group>";
		};
		56F856771D34294C007E6FF0 /* otl */ = {
			isa = PBXGroup;
			children = (
				56F856781D34294C007E6FF0 /* chaining.c */,
				56F856791D34294C007E6FF0 /* chaining.h */,
				56F8567A1D34294C007E6FF0 /* classdef.c */,
				56F8567B1D34294C007E6FF0 /* classdef.h */,
				56F8567C1D34294C007E6FF0 /* coverage.c */,
				56F8567D1D34294C007E6FF0 /* coverage.h */,
				56F8567E1D34294C007E6FF0 /* extend.c */,
				56F8567F1D34294C007E6FF0 /* extend.h */,
				56F856801D34294C007E6FF0 /* GDEF.c */,
				56F856811D34294C007E6FF0 /* GDEF.h */,
				56F856821D34294C007E6FF0 /* gpos-common.c */,
				56F856831D34294C007E6FF0 /* gpos-common.h */,
				56F856841D34294C007E6FF0 /* gpos-cursive.c */,
				56F856851D34294C007E6FF0 /* gpos-cursive.h */,
				56F856861D34294C007E6FF0 /* gpos-mark-to-ligature.c */,
				56F856871D34294C007E6FF0 /* gpos-mark-to-ligature.h */,
				56F856881D34294C007E6FF0 /* gpos-mark-to-single.c */,
				56F856891D34294C007E6FF0 /* gpos-mark-to-single.h */,
				56F8568A1D34294C007E6FF0 /* gpos-pair.c */,
				56F8568B1D34294C007E6FF0 /* gpos-pair.h */,
				56F8568C1D34294C007E6FF0 /* gpos-single.c */,
				56F8568D1D34294C007E6FF0 /* gpos-single.h */,
				56F8568E1D34294C007E6FF0 /* gsub-ligature.c */,
				56F8568F1D34294C007E6FF0 /* gsub-ligature.h */,
				56F856901D34294C007E6FF0 /* gsub-multi.c */,
				56F856911D34294C007E6FF0 /* gsub-multi.h */,
				56F856921D34294C007E6FF0 /* gsub-reverse.c */,
				56F856931D34294C007E6FF0 /* gsub-reverse.h */,
				56F856941D34294C007E6FF0 /* gsub-single.c */,
				56F856951D34294C007E6FF0 /* gsub-single.h */,
				56F856961D34294C007E6FF0 /* otl.c */,
				56F856971D34294C007E6FF0 /* otl.h */,
			);
			path = otl;
			sourceTree = "<group>";
		};
		56F856C11D3429A4007E6FF0 /* cli */ = {
			isa = PBXGroup;
			children = (
				56F856C21D3429A4007E6FF0 /* otfccbuild.c */,
				56F856C31D3429A4007E6FF0 /* otfccdump.c */,
				56F856C41D3429A4007E6FF0 /* platform.h */,
				56F856C51D3429A4007E6FF0 /* stopwatch.c */,
				56F856C61D3429A4007E6FF0 /* stopwatch.h */,
			);
			name = cli;
			path = src/cli;
			sourceTree = "<group>";
		};
		56F8570F1D342B55007E6FF0 /* extern */ = {
			isa = PBXGroup;
			children = (
				56F857101D342B55007E6FF0 /* emyg-dtoa */,
				56F857131D342B55007E6FF0 /* json-builder.c */,
				56F857141D342B55007E6FF0 /* json-builder.h */,
				56F857151D342B55007E6FF0 /* json.c */,
				56F857161D342B55007E6FF0 /* json.h */,
				56F857171D342B55007E6FF0 /* sds.c */,
				56F857181D342B55007E6FF0 /* sds.h */,
				56F857191D342B55007E6FF0 /* sdsalloc.h */,
				56F8571A1D342B55007E6FF0 /* uthash.h */,
			);
			name = extern;
			path = src/extern;
			sourceTree = "<group>";
		};
		56F857101D342B55007E6FF0 /* emyg-dtoa */ = {
			isa = PBXGroup;
			children = (
				56F857111D342B55007E6FF0 /* emyg-dtoa.c */,
				56F857121D342B55007E6FF0 /* emyg-dtoa.h */,
			);
			path = "emyg-dtoa";
			sourceTree = "<group>";
		};
/* End PBXGroup section */

/* Begin PBXNativeTarget section */
		56F856071D342851007E6FF0 /* otfccbuild */ = {
			isa = PBXNativeTarget;
			buildConfigurationList = 56F8560F1D342851007E6FF0 /* Build configuration list for PBXNativeTarget "otfccbuild" */;
			buildPhases = (
				56F856041D342851007E6FF0 /* Sources */,
				56F856051D342851007E6FF0 /* Frameworks */,
				56F856061D342851007E6FF0 /* CopyFiles */,
			);
			buildRules = (
			);
			dependencies = (
			);
			name = otfccbuild;
			productName = otfcc;
			productReference = 56F856081D342851007E6FF0 /* otfccbuild */;
			productType = "com.apple.product-type.tool";
		};
		56F856C71D3429BD007E6FF0 /* otfccdump */ = {
			isa = PBXNativeTarget;
			buildConfigurationList = 56F856EA1D3429BD007E6FF0 /* Build configuration list for PBXNativeTarget "otfccdump" */;
			buildPhases = (
				56F856C81D3429BD007E6FF0 /* Sources */,
				56F856E81D3429BD007E6FF0 /* Frameworks */,
				56F856E91D3429BD007E6FF0 /* CopyFiles */,
			);
			buildRules = (
			);
			dependencies = (
			);
			name = otfccdump;
			productName = otfcc;
			productReference = 56F856ED1D3429BD007E6FF0 /* otfccdump */;
			productType = "com.apple.product-type.tool";
		};
/* End PBXNativeTarget section */

/* Begin PBXProject section */
		56F856001D342851007E6FF0 /* Project object */ = {
			isa = PBXProject;
			attributes = {
				LastUpgradeCheck = 0720;
				ORGANIZATIONNAME = "Belleve Invis";
				TargetAttributes = {
					56F856071D342851007E6FF0 = {
						CreatedOnToolsVersion = 7.2.1;
					};
				};
			};
			buildConfigurationList = 56F856031D342851007E6FF0 /* Build configuration list for PBXProject "otfcc" */;
			compatibilityVersion = "Xcode 3.2";
			developmentRegion = English;
			hasScannedForEncodings = 0;
			knownRegions = (
				en,
			);
			mainGroup = 56F855FF1D342851007E6FF0;
			productRefGroup = 56F856091D342851007E6FF0 /* Products */;
			projectDirPath = "";
			projectRoot = "";
			targets = (
				56F856071D342851007E6FF0 /* otfccbuild */,
				56F856C71D3429BD007E6FF0 /* otfccdump */,
			);
		};
/* End PBXProject section */

/* Begin PBXSourcesBuildPhase section */
		56F856041D342851007E6FF0 /* Sources */ = {
			isa = PBXSourcesBuildPhase;
			buildActionMask = 2147483647;
			files = (
				56F856BF1D342983007E6FF0 /* vmtx.c in Sources */,
				56F856BB1D342983007E6FF0 /* OS_2.c in Sources */,
				56F856A71D342958007E6FF0 /* unconsolidate.c in Sources */,
				56F856A61D342958007E6FF0 /* stat.c in Sources */,
				56F857581D342E39007E6FF0 /* gsub-single.c in Sources */,
				56F8574B1D342E09007E6FF0 /* chaining.c in Sources */,
				56F8573C1D342DF6007E6FF0 /* classdef.c in Sources */,
				56F8572A1D342DAC007E6FF0 /* cff_writer.c in Sources */,
				56F857591D342E39007E6FF0 /* mark.c in Sources */,
				56F856A41D342952007E6FF0 /* caryll-sfnt.c in Sources */,
				56F8573D1D342DF6007E6FF0 /* coverage.c in Sources */,
				56F857651D342E5A007E6FF0 /* cff_opmean.c in Sources */,
				56F857401D342DF6007E6FF0 /* gpos-common.c in Sources */,
				56F856AE1D342979007E6FF0 /* CFF.c in Sources */,
				56F857471D342DF6007E6FF0 /* gsub-multi.c in Sources */,
				56F8574A1D342DF6007E6FF0 /* otl.c in Sources */,
				56F856B71D342979007E6FF0 /* hmtx.c in Sources */,
				56F856AD1D34295F007E6FF0 /* unicodeconv.c in Sources */,
				56F856B51D342979007E6FF0 /* head.c in Sources */,
				56F856AB1D34295F007E6FF0 /* glyphorder.c in Sources */,
				56F856AC1D34295F007E6FF0 /* ttinstr.c in Sources */,
				56F856BE1D342983007E6FF0 /* vhea.c in Sources */,
				56F857281D342D94007E6FF0 /* cff_parser.c in Sources */,
				56F856A81D34295F007E6FF0 /* aglfn.c in Sources */,
				56F857461D342DF6007E6FF0 /* gsub-ligature.c in Sources */,
				56F857531D342E39007E6FF0 /* gpos-pair.c in Sources */,
				56F856BA1D342983007E6FF0 /* name.c in Sources */,
				56F856B81D342979007E6FF0 /* LTSH.c in Sources */,
				56F857411D342DF6007E6FF0 /* gpos-cursive.c in Sources */,
				56F856AA1D34295F007E6FF0 /* buffer.c in Sources */,
				56F857431D342DF6007E6FF0 /* gpos-mark-to-single.c in Sources */,
				56F857661D342E5A007E6FF0 /* cff_string.c in Sources */,
				56F856B01D342979007E6FF0 /* cvt.c in Sources */,
				56F8571F1D342B55007E6FF0 /* json.c in Sources */,
				56F857421D342DF6007E6FF0 /* gpos-mark-to-ligature.c in Sources */,
				56F8573B1D342DF6007E6FF0 /* chaining.c in Sources */,
				56F8571B1D342B55007E6FF0 /* emyg-dtoa.c in Sources */,
				56F8574F1D342E2E007E6FF0 /* common.c in Sources */,
				56F856B11D342979007E6FF0 /* fpgm-prep.c in Sources */,
				56F857561D342E39007E6FF0 /* gsub-multi.c in Sources */,
				56F856F01D3429E0007E6FF0 /* stopwatch.c in Sources */,
				56F856A21D342952007E6FF0 /* caryll-font.c in Sources */,
				56F8573E1D342DF6007E6FF0 /* extend.c in Sources */,
				56F856BD1D342983007E6FF0 /* post.c in Sources */,
				56F856C01D342983007E6FF0 /* VORG.c in Sources */,
				56F856A31D342952007E6FF0 /* caryll-sfnt-builder.c in Sources */,
				56F857541D342E39007E6FF0 /* gpos-single.c in Sources */,
				56F856BC1D342983007E6FF0 /* PCLT.c in Sources */,
				56F857491D342DF6007E6FF0 /* gsub-single.c in Sources */,
				56F857451D342DF6007E6FF0 /* gpos-single.c in Sources */,
				56F857501D342E2E007E6FF0 /* gpos-cursive.c in Sources */,
				56F857441D342DF6007E6FF0 /* gpos-pair.c in Sources */,
				56F856A91D34295F007E6FF0 /* base64.c in Sources */,
				56F856B41D342979007E6FF0 /* hdmx.c in Sources */,
				56F856B21D342979007E6FF0 /* gasp.c in Sources */,
				56F856B31D342979007E6FF0 /* glyf.c in Sources */,
				56F857211D342B55007E6FF0 /* sds.c in Sources */,
				56F856AF1D342979007E6FF0 /* cmap.c in Sources */,
				56F857551D342E39007E6FF0 /* gsub-ligature.c in Sources */,
				56F856EE1D3429DB007E6FF0 /* otfccbuild.c in Sources */,
				56F856B91D342979007E6FF0 /* maxp.c in Sources */,
				56F857571D342E39007E6FF0 /* gsub-reverse.c in Sources */,
				56F857641D342E5A007E6FF0 /* cff_codecs.c in Sources */,
				56F856A51D342958007E6FF0 /* consolidate.c in Sources */,
				56F857481D342DF6007E6FF0 /* gsub-reverse.c in Sources */,
				56F8573F1D342DF6007E6FF0 /* GDEF.c in Sources */,
				56F8574E1D342E1F007E6FF0 /* GDEF.c in Sources */,
				56F856B61D342979007E6FF0 /* hhea.c in Sources */,
				56F8571D1D342B55007E6FF0 /* json-builder.c in Sources */,
			);
			runOnlyForDeploymentPostprocessing = 0;
		};
		56F856C81D3429BD007E6FF0 /* Sources */ = {
			isa = PBXSourcesBuildPhase;
			buildActionMask = 2147483647;
			files = (
				56F856C91D3429BD007E6FF0 /* vmtx.c in Sources */,
				56F856EF1D3429DE007E6FF0 /* otfccdump.c in Sources */,
				56F856CA1D3429BD007E6FF0 /* OS_2.c in Sources */,
				56F856CB1D3429BD007E6FF0 /* unconsolidate.c in Sources */,
				56F8575F1D342E3A007E6FF0 /* gsub-single.c in Sources */,
				56F8574C1D342E09007E6FF0 /* chaining.c in Sources */,
				56F8572C1D342DF6007E6FF0 /* classdef.c in Sources */,
				56F857291D342DAA007E6FF0 /* cff_writer.c in Sources */,
				56F857601D342E3A007E6FF0 /* mark.c in Sources */,
				56F856CC1D3429BD007E6FF0 /* stat.c in Sources */,
				56F8572D1D342DF6007E6FF0 /* coverage.c in Sources */,
				56F857621D342E59007E6FF0 /* cff_opmean.c in Sources */,
				56F857301D342DF6007E6FF0 /* gpos-common.c in Sources */,
				56F856CD1D3429BD007E6FF0 /* caryll-sfnt.c in Sources */,
				56F857371D342DF6007E6FF0 /* gsub-multi.c in Sources */,
				56F8573A1D342DF6007E6FF0 /* otl.c in Sources */,
				56F856CE1D3429BD007E6FF0 /* CFF.c in Sources */,
				56F856CF1D3429BD007E6FF0 /* hmtx.c in Sources */,
				56F856D01D3429BD007E6FF0 /* unicodeconv.c in Sources */,
				56F856D11D3429BD007E6FF0 /* head.c in Sources */,
				56F856D21D3429BD007E6FF0 /* glyphorder.c in Sources */,
				56F856D31D3429BD007E6FF0 /* ttinstr.c in Sources */,
				56F857271D342D93007E6FF0 /* cff_parser.c in Sources */,
				56F856D41D3429BD007E6FF0 /* vhea.c in Sources */,
				56F857361D342DF6007E6FF0 /* gsub-ligature.c in Sources */,
				56F8575A1D342E3A007E6FF0 /* gpos-pair.c in Sources */,
				56F856D51D3429BD007E6FF0 /* aglfn.c in Sources */,
				56F856D61D3429BD007E6FF0 /* name.c in Sources */,
				56F857311D342DF6007E6FF0 /* gpos-cursive.c in Sources */,
				56F856D71D3429BD007E6FF0 /* LTSH.c in Sources */,
				56F857331D342DF6007E6FF0 /* gpos-mark-to-single.c in Sources */,
				56F857631D342E59007E6FF0 /* cff_string.c in Sources */,
				56F856D81D3429BD007E6FF0 /* buffer.c in Sources */,
				56F857201D342B55007E6FF0 /* json.c in Sources */,
				56F857321D342DF6007E6FF0 /* gpos-mark-to-ligature.c in Sources */,
				56F8572B1D342DF6007E6FF0 /* chaining.c in Sources */,
				56F8571C1D342B55007E6FF0 /* emyg-dtoa.c in Sources */,
				56F857511D342E2E007E6FF0 /* common.c in Sources */,
				56F856D91D3429BD007E6FF0 /* cvt.c in Sources */,
				56F8575D1D342E3A007E6FF0 /* gsub-multi.c in Sources */,
				56F856F11D3429E1007E6FF0 /* stopwatch.c in Sources */,
				56F856DA1D3429BD007E6FF0 /* fpgm-prep.c in Sources */,
				56F8572E1D342DF6007E6FF0 /* extend.c in Sources */,
				56F856DB1D3429BD007E6FF0 /* caryll-font.c in Sources */,
				56F856DC1D3429BD007E6FF0 /* post.c in Sources */,
				56F856DD1D3429BD007E6FF0 /* VORG.c in Sources */,
				56F8575B1D342E3A007E6FF0 /* gpos-single.c in Sources */,
				56F856DE1D3429BD007E6FF0 /* caryll-sfnt-builder.c in Sources */,
				56F857391D342DF6007E6FF0 /* gsub-single.c in Sources */,
				56F857351D342DF6007E6FF0 /* gpos-single.c in Sources */,
				56F857521D342E2E007E6FF0 /* gpos-cursive.c in Sources */,
				56F857341D342DF6007E6FF0 /* gpos-pair.c in Sources */,
				56F856DF1D3429BD007E6FF0 /* PCLT.c in Sources */,
				56F856E01D3429BD007E6FF0 /* base64.c in Sources */,
				56F856E11D3429BD007E6FF0 /* hdmx.c in Sources */,
				56F856E21D3429BD007E6FF0 /* gasp.c in Sources */,
				56F857221D342B55007E6FF0 /* sds.c in Sources */,
				56F856E31D3429BD007E6FF0 /* glyf.c in Sources */,
				56F8575C1D342E3A007E6FF0 /* gsub-ligature.c in Sources */,
				56F856E41D3429BD007E6FF0 /* cmap.c in Sources */,
				56F856E51D3429BD007E6FF0 /* maxp.c in Sources */,
				56F8575E1D342E3A007E6FF0 /* gsub-reverse.c in Sources */,
				56F857611D342E59007E6FF0 /* cff_codecs.c in Sources */,
				56F856E61D3429BD007E6FF0 /* consolidate.c in Sources */,
				56F857381D342DF6007E6FF0 /* gsub-reverse.c in Sources */,
				56F8572F1D342DF6007E6FF0 /* GDEF.c in Sources */,
				56F8574D1D342E1E007E6FF0 /* GDEF.c in Sources */,
				56F856E71D3429BD007E6FF0 /* hhea.c in Sources */,
				56F8571E1D342B55007E6FF0 /* json-builder.c in Sources */,
			);
			runOnlyForDeploymentPostprocessing = 0;
		};
/* End PBXSourcesBuildPhase section */

/* Begin XCBuildConfiguration section */
		56F8560D1D342851007E6FF0 /* Debug */ = {
			isa = XCBuildConfiguration;
			buildSettings = {
				ALWAYS_SEARCH_USER_PATHS = NO;
				CLANG_CXX_LANGUAGE_STANDARD = "gnu++0x";
				CLANG_CXX_LIBRARY = "libc++";
				CLANG_ENABLE_MODULES = YES;
				CLANG_ENABLE_OBJC_ARC = YES;
				CLANG_WARN_BOOL_CONVERSION = YES;
				CLANG_WARN_CONSTANT_CONVERSION = YES;
				CLANG_WARN_DIRECT_OBJC_ISA_USAGE = YES_ERROR;
				CLANG_WARN_EMPTY_BODY = YES;
				CLANG_WARN_ENUM_CONVERSION = YES;
				CLANG_WARN_INT_CONVERSION = YES;
				CLANG_WARN_OBJC_ROOT_CLASS = YES_ERROR;
				CLANG_WARN_UNREACHABLE_CODE = YES;
				CLANG_WARN__DUPLICATE_METHOD_MATCH = YES;
				CODE_SIGN_IDENTITY = "-";
				COPY_PHASE_STRIP = NO;
				DEBUG_INFORMATION_FORMAT = dwarf;
				ENABLE_STRICT_OBJC_MSGSEND = YES;
				ENABLE_TESTABILITY = YES;
				GCC_C_LANGUAGE_STANDARD = gnu99;
				GCC_DYNAMIC_NO_PIC = NO;
				GCC_NO_COMMON_BLOCKS = YES;
				GCC_OPTIMIZATION_LEVEL = 0;
				GCC_PREPROCESSOR_DEFINITIONS = (
					"DEBUG=1",
					"$(inherited)",
					__need_getopt,
				);
				GCC_WARN_64_TO_32_BIT_CONVERSION = YES;
				GCC_WARN_ABOUT_RETURN_TYPE = YES_ERROR;
				GCC_WARN_UNDECLARED_SELECTOR = YES;
				GCC_WARN_UNINITIALIZED_AUTOS = YES_AGGRESSIVE;
				GCC_WARN_UNUSED_FUNCTION = YES;
				GCC_WARN_UNUSED_VARIABLE = YES;
				HEADER_SEARCH_PATHS = "$(SRCROOT)/src/**";
				MACOSX_DEPLOYMENT_TARGET = 10.10;
				MTL_ENABLE_DEBUG_INFO = YES;
				ONLY_ACTIVE_ARCH = YES;
				SDKROOT = macosx;
			};
			name = Debug;
		};
		56F8560E1D342851007E6FF0 /* Release */ = {
			isa = XCBuildConfiguration;
			buildSettings = {
				ALWAYS_SEARCH_USER_PATHS = NO;
				CLANG_CXX_LANGUAGE_STANDARD = "gnu++0x";
				CLANG_CXX_LIBRARY = "libc++";
				CLANG_ENABLE_MODULES = YES;
				CLANG_ENABLE_OBJC_ARC = YES;
				CLANG_WARN_BOOL_CONVERSION = YES;
				CLANG_WARN_CONSTANT_CONVERSION = YES;
				CLANG_WARN_DIRECT_OBJC_ISA_USAGE = YES_ERROR;
				CLANG_WARN_EMPTY_BODY = YES;
				CLANG_WARN_ENUM_CONVERSION = YES;
				CLANG_WARN_INT_CONVERSION = YES;
				CLANG_WARN_OBJC_ROOT_CLASS = YES_ERROR;
				CLANG_WARN_UNREACHABLE_CODE = YES;
				CLANG_WARN__DUPLICATE_METHOD_MATCH = YES;
				CODE_SIGN_IDENTITY = "-";
				COPY_PHASE_STRIP = NO;
				DEBUG_INFORMATION_FORMAT = "dwarf-with-dsym";
				ENABLE_NS_ASSERTIONS = NO;
				ENABLE_STRICT_OBJC_MSGSEND = YES;
				GCC_C_LANGUAGE_STANDARD = gnu99;
				GCC_NO_COMMON_BLOCKS = YES;
				GCC_PREPROCESSOR_DEFINITIONS = __need_getopt;
				GCC_WARN_64_TO_32_BIT_CONVERSION = YES;
				GCC_WARN_ABOUT_RETURN_TYPE = YES_ERROR;
				GCC_WARN_UNDECLARED_SELECTOR = YES;
				GCC_WARN_UNINITIALIZED_AUTOS = YES_AGGRESSIVE;
				GCC_WARN_UNUSED_FUNCTION = YES;
				GCC_WARN_UNUSED_VARIABLE = YES;
				HEADER_SEARCH_PATHS = "$(SRCROOT)/src/**";
				MACOSX_DEPLOYMENT_TARGET = 10.10;
				MTL_ENABLE_DEBUG_INFO = NO;
				SDKROOT = macosx;
			};
			name = Release;
		};
		56F856101D342851007E6FF0 /* Debug */ = {
			isa = XCBuildConfiguration;
			buildSettings = {
				PRODUCT_NAME = "$(TARGET_NAME)";
			};
			name = Debug;
		};
		56F856111D342851007E6FF0 /* Release */ = {
			isa = XCBuildConfiguration;
			buildSettings = {
				PRODUCT_NAME = "$(TARGET_NAME)";
			};
			name = Release;
		};
		56F856EB1D3429BD007E6FF0 /* Debug */ = {
			isa = XCBuildConfiguration;
			buildSettings = {
				PRODUCT_NAME = "$(TARGET_NAME)";
			};
			name = Debug;
		};
		56F856EC1D3429BD007E6FF0 /* Release */ = {
			isa = XCBuildConfiguration;
			buildSettings = {
				PRODUCT_NAME = "$(TARGET_NAME)";
			};
			name = Release;
		};
/* End XCBuildConfiguration section */

/* Begin XCConfigurationList section */
		56F856031D342851007E6FF0 /* Build configuration list for PBXProject "otfcc" */ = {
			isa = XCConfigurationList;
			buildConfigurations = (
				56F8560D1D342851007E6FF0 /* Debug */,
				56F8560E1D342851007E6FF0 /* Release */,
			);
			defaultConfigurationIsVisible = 0;
			defaultConfigurationName = Release;
		};
		56F8560F1D342851007E6FF0 /* Build configuration list for PBXNativeTarget "otfccbuild" */ = {
			isa = XCConfigurationList;
			buildConfigurations = (
				56F856101D342851007E6FF0 /* Debug */,
				56F856111D342851007E6FF0 /* Release */,
			);
			defaultConfigurationIsVisible = 0;
			defaultConfigurationName = Release;
		};
		56F856EA1D3429BD007E6FF0 /* Build configuration list for PBXNativeTarget "otfccdump" */ = {
			isa = XCConfigurationList;
			buildConfigurations = (
				56F856EB1D3429BD007E6FF0 /* Debug */,
				56F856EC1D3429BD007E6FF0 /* Release */,
			);
			defaultConfigurationIsVisible = 0;
			defaultConfigurationName = Release;
		};
/* End XCConfigurationList section */
	};
	rootObject = 56F856001D342851007E6FF0 /* Project object */;
}
